
Microsoft Visual Studio Solution File, Format Version 12.00
# Visual Studio Version 17
VisualStudioVersion = 17.1.32210.238
MinimumVisualStudioVersion = 10.0.40219.1
Project("{9A19103F-16F7-4668-BE54-9A1E7A4F7556}") = "EasySoft.UtilityTools.Core", "infrastructure\EasySoft.UtilityTools.Core\EasySoft.UtilityTools.Core.csproj", "{366A9FAC-B61E-44E3-B566-63F1D8E585BF}"
EndProject
Project("{9A19103F-16F7-4668-BE54-9A1E7A4F7556}") = "EasySoft.IdGenerator", "infrastructure\EasySoft.IdGenerator\EasySoft.IdGenerator.csproj", "{12413755-B52D-4D6A-B1FB-3641C762F884}"
EndProject
Project("{9A19103F-16F7-4668-BE54-9A1E7A4F7556}") = "EasySoft.IntegrationConfig", "infrastructure\EasySoft.IntegrationConfig\EasySoft.IntegrationConfig.csproj", "{D7FA5548-C432-438A-A2FB-8ADA588A7E0A}"
EndProject
Project("{9A19103F-16F7-4668-BE54-9A1E7A4F7556}") = "EasySoft.NPOIEx", "infrastructure\EasySoft.NPOIEx\EasySoft.NPOIEx.csproj", "{6E54B5A8-96B5-4739-AC78-57D1BD0F312F}"
EndProject
Project("{9A19103F-16F7-4668-BE54-9A1E7A4F7556}") = "EasySoft.SenparcEx", "infrastructure\EasySoft.SenparcEx\EasySoft.SenparcEx.csproj", "{013FCC47-0160-4B97-8256-B8B1BD2A130C}"
EndProject
Project("{2150E333-8FDC-42A3-9474-1A3956D46DE8}") = "infrastructure", "infrastructure", "{65AFCFE2-59A9-4704-A9BE-A5B83F944E88}"
EndProject
Project("{2150E333-8FDC-42A3-9474-1A3956D46DE8}") = "unit-test", "unit-test", "{8D7FB3F6-1038-4974-A787-044646C716C1}"
EndProject
Project("{2150E333-8FDC-42A3-9474-1A3956D46DE8}") = "test", "test", "{3A5000A7-B37E-4A5D-8668-82E7E2681993}"
EndProject
Project("{9A19103F-16F7-4668-BE54-9A1E7A4F7556}") = "EasySoft.UtilityToolsTest", "unit-test\EasySoft.UtilityToolsTest\EasySoft.UtilityToolsTest.csproj", "{FBEC59EB-4317-4334-92A8-9641B2BEC619}"
EndProject
Project("{FAE04EC0-301F-11D3-BF4B-00C04F79EFBC}") = "AppTest3", "test\AppTest3\AppTest3.csproj", "{69561AB8-26E1-4CC7-8D45-1D0C34BC213F}"
EndProject
Project("{FAE04EC0-301F-11D3-BF4B-00C04F79EFBC}") = "AutoFacTest", "test\AutoFacTest\AutoFacTest.csproj", "{803E21EC-05F8-4FF4-AF1E-BD7F5DA830B7}"
EndProject
Project("{FAE04EC0-301F-11D3-BF4B-00C04F79EFBC}") = "EasySoft.Simple.EntityFrameworkCore", "test\EasySoft.Simple.EntityFrameworkCore\EasySoft.Simple.EntityFrameworkCore.csproj", "{8B03ED94-A173-4F2B-8BFF-7A93608B01F5}"
EndProject
Project("{FAE04EC0-301F-11D3-BF4B-00C04F79EFBC}") = "FrameworkTestApp", "test\FrameworkTestApp\FrameworkTestApp.csproj", "{B40C1E55-6D91-4DE8-B06F-70DBF20B3837}"
EndProject
Project("{FAE04EC0-301F-11D3-BF4B-00C04F79EFBC}") = "WebApplicationTest", "test\WebApplicationTest\WebApplicationTest.csproj", "{1690D828-90C4-43A3-9C0D-A3047558B51B}"
EndProject
Project("{FAE04EC0-301F-11D3-BF4B-00C04F79EFBC}") = "EasySoft.Core.Config", "infrastructure\EasySoft.Core.Config\EasySoft.Core.Config.csproj", "{3BA2690C-5395-4B9C-83A3-E6CA11FBFCE5}"
EndProject
Project("{FAE04EC0-301F-11D3-BF4B-00C04F79EFBC}") = "EasySoft.Core.Web.Framework", "infrastructure\EasySoft.Core.Web.Framework\EasySoft.Core.Web.Framework.csproj", "{E7040D87-0900-424F-987E-8150135362E9}"
EndProject
Project("{FAE04EC0-301F-11D3-BF4B-00C04F79EFBC}") = "EasySoft.Core.GeneralLogTransmitter", "infrastructure\EasySoft.Core.GeneralLogTransmitter\EasySoft.Core.GeneralLogTransmitter.csproj", "{5D383514-6D98-4638-8D9B-99C98ED46E24}"
EndProject
Project("{FAE04EC0-301F-11D3-BF4B-00C04F79EFBC}") = "EasySoft.Core.ExchangeRegulation", "infrastructure\EasySoft.Core.ExchangeRegulation\EasySoft.Core.ExchangeRegulation.csproj", "{89744B4F-C6C4-4870-A96D-795859DBDF7D}"
EndProject
Project("{FAE04EC0-301F-11D3-BF4B-00C04F79EFBC}") = "EasySoft.Core.AutoFac", "infrastructure\EasySoft.Core.AutoFac\EasySoft.Core.AutoFac.csproj", "{DEB4B7BB-B9FC-4ECC-91E6-9F3A58E24FA6}"
EndProject
Project("{FAE04EC0-301F-11D3-BF4B-00C04F79EFBC}") = "EasySoft.Core.ErrorLogTransmitter", "infrastructure\EasySoft.Core.ErrorLogTransmitter\EasySoft.Core.ErrorLogTransmitter.csproj", "{54311193-8614-471F-96AA-3F9CDC97EB8D}"
EndProject
Project("{FAE04EC0-301F-11D3-BF4B-00C04F79EFBC}") = "EasySoft.Core.PermissionVerification", "infrastructure\EasySoft.Core.PermissionVerification\EasySoft.Core.PermissionVerification.csproj", "{99E229A1-0413-4C88-BCD2-D9FCF02B1FE5}"
EndProject
Project("{FAE04EC0-301F-11D3-BF4B-00C04F79EFBC}") = "EasySoft.Core.PrepareStartWork", "infrastructure\EasySoft.Core.PrepareStartWork\EasySoft.Core.PrepareStartWork.csproj", "{BBE150E2-A39E-4740-8ECE-CE1D85F6F2A2}"
EndProject
Project("{FAE04EC0-301F-11D3-BF4B-00C04F79EFBC}") = "EasySoft.Core.Infrastructure", "infrastructure\EasySoft.Core.Infrastructure\EasySoft.Core.Infrastructure.csproj", "{000B4398-FDC3-44AE-8D17-EED5E36EECD5}"
EndProject
Project("{FAE04EC0-301F-11D3-BF4B-00C04F79EFBC}") = "EasySoft.Core.Swagger", "infrastructure\EasySoft.Core.Swagger\EasySoft.Core.Swagger.csproj", "{94D99BC3-5FD0-4D9C-B8E1-F0DA5842AAE4}"
EndProject
Project("{FAE04EC0-301F-11D3-BF4B-00C04F79EFBC}") = "EasySoft.Core.Hangfire", "infrastructure\EasySoft.Core.Hangfire\EasySoft.Core.Hangfire.csproj", "{4AC651EA-B15C-4147-BFF9-963874EDEABD}"
EndProject
Project("{2150E333-8FDC-42A3-9474-1A3956D46DE8}") = "framework", "framework", "{E3680D8B-1B50-4234-9E60-AAF8483FA0D3}"
EndProject
Project("{2150E333-8FDC-42A3-9474-1A3956D46DE8}") = "transmitter", "transmitter", "{A4A52E96-6D09-4234-BD3F-FF1EEFBBAEC2}"
EndProject
Project("{2150E333-8FDC-42A3-9474-1A3956D46DE8}") = "component", "component", "{E1BDAC69-A565-4A26-866B-10845357EA3D}"
EndProject
Project("{FAE04EC0-301F-11D3-BF4B-00C04F79EFBC}") = "EasySoft.Core.EntityFramework", "infrastructure\EasySoft.Core.EntityFramework\EasySoft.Core.EntityFramework.csproj", "{FE89CDFC-5A5F-4027-8C1C-35ACEECF725C}"
EndProject
Project("{FAE04EC0-301F-11D3-BF4B-00C04F79EFBC}") = "EasySoft.Core.EasyCaching", "infrastructure\EasySoft.Core.EasyCaching\EasySoft.Core.EasyCaching.csproj", "{38C8DFFF-B515-4853-8DE3-E97B90440C08}"
EndProject
Project("{2150E333-8FDC-42A3-9474-1A3956D46DE8}") = "configures", "configures", "{5CFBCD84-655E-4724-A0FF-03C2390C471E}"
EndProject
Project("{FAE04EC0-301F-11D3-BF4B-00C04F79EFBC}") = "EasySoft.Core.AccessWayTransmitter", "infrastructure\EasySoft.Core.AccessWayTransmitter\EasySoft.Core.AccessWayTransmitter.csproj", "{B716B52E-EFF6-4D72-AC26-4D2DE89DC18C}"
EndProject
Project("{FAE04EC0-301F-11D3-BF4B-00C04F79EFBC}") = "EasySoft.UtilityTools.Standard", "infrastructure\EasySoft.UtilityTools.Standard\EasySoft.UtilityTools.Standard.csproj", "{944A05EB-EF3A-4D14-8E0A-97C2A69DDCCB}"
EndProject
Project("{FAE04EC0-301F-11D3-BF4B-00C04F79EFBC}") = "EasySoft.Core.CacheCore", "infrastructure\EasySoft.Core.CacheCore\EasySoft.Core.CacheCore.csproj", "{654190D6-2418-428A-BB8B-B52D7C2C81C2}"
EndProject
Project("{FAE04EC0-301F-11D3-BF4B-00C04F79EFBC}") = "EasySoft.Core.EasyToken", "infrastructure\EasySoft.Core.EasyToken\EasySoft.Core.EasyToken.csproj", "{54446A01-ABB4-47F2-BD3C-5141C78A68F7}"
EndProject
Project("{FAE04EC0-301F-11D3-BF4B-00C04F79EFBC}") = "EasySoft.Core.AuthenticationCore", "infrastructure\EasySoft.Core.AuthenticationCore\EasySoft.Core.AuthenticationCore.csproj", "{97E98F31-941D-483D-AD77-2D7123099E53}"
EndProject
Project("{FAE04EC0-301F-11D3-BF4B-00C04F79EFBC}") = "EasySoft.Core.JsonWebToken", "infrastructure\EasySoft.Core.JsonWebToken\EasySoft.Core.JsonWebToken.csproj", "{D6C37C08-D12B-4E8A-B0EA-4D7529AFB5A2}"
EndProject
Project("{FAE04EC0-301F-11D3-BF4B-00C04F79EFBC}") = "EasySoft.Core.FluentEmail", "infrastructure\EasySoft.Core.FluentEmail\EasySoft.Core.FluentEmail.csproj", "{183EBB37-E62E-4853-B51D-1404F077F08B}"
EndProject
Project("{2150E333-8FDC-42A3-9474-1A3956D46DE8}") = "waitWorks", "waitWorks", "{197B7656-8BFE-49AA-AA1E-C511B75B26B6}"
EndProject
Project("{FAE04EC0-301F-11D3-BF4B-00C04F79EFBC}") = "EasySoft.Core.Dapper", "infrastructure\EasySoft.Core.Dapper\EasySoft.Core.Dapper.csproj", "{599688FF-6ED9-45FE-950F-F879385FD4BF}"
EndProject
Project("{FAE04EC0-301F-11D3-BF4B-00C04F79EFBC}") = "EasySoft.Core.NLog", "infrastructure\EasySoft.Core.NLog\EasySoft.Core.NLog.csproj", "{AB90E06C-7972-45B6-AE0D-D5E0CBCF196F}"
EndProject
Project("{FAE04EC0-301F-11D3-BF4B-00C04F79EFBC}") = "EasySoft.Core.AgileConfig", "infrastructure\EasySoft.Core.AgileConfig\EasySoft.Core.AgileConfig.csproj", "{3558FAF0-1C76-449E-AB31-4791EBB8A568}"
EndProject
Project("{FAE04EC0-301F-11D3-BF4B-00C04F79EFBC}") = "EasySoft.Core.AgileConfigClient", "infrastructure\EasySoft.Core.AgileConfigClient\EasySoft.Core.AgileConfigClient.csproj", "{3910C110-FBED-4404-B483-CCDEF44F0662}"
EndProject
Project("{FAE04EC0-301F-11D3-BF4B-00C04F79EFBC}") = "AgileConfigClientConsoleTest", "test\AgileConfigClientConsoleTest\AgileConfigClientConsoleTest.csproj", "{0D644DBB-C8DE-4259-A816-A981FD5E9895}"
EndProject
Project("{FAE04EC0-301F-11D3-BF4B-00C04F79EFBC}") = "EasySoft.Core.DynamicConfig", "infrastructure\EasySoft.Core.DynamicConfig\EasySoft.Core.DynamicConfig.csproj", "{9113ECC7-95CB-41C0-A3E1-7EB0F2AA59F2}"
EndProject
Project("{FAE04EC0-301F-11D3-BF4B-00C04F79EFBC}") = "EasySoft.Core.MiniProfiler", "infrastructure\EasySoft.Core.MiniProfiler\EasySoft.Core.MiniProfiler.csproj", "{3BCEA092-D7FB-483B-A8C9-370865B99C9B}"
EndProject
Project("{2150E333-8FDC-42A3-9474-1A3956D46DE8}") = "maintenance", "maintenance", "{F588C52F-F0DA-4B91-80A1-342BED14F51B}"
EndProject
Project("{FAE04EC0-301F-11D3-BF4B-00C04F79EFBC}") = "EasySoft.Core.HealthChecks", "infrastructure\EasySoft.Core.HealthChecks\EasySoft.Core.HealthChecks.csproj", "{B3257152-FFA2-4054-8CDC-368902816A0F}"
EndProject
Project("{FAE04EC0-301F-11D3-BF4B-00C04F79EFBC}") = "ConfigurationTest", "test\ConfigurationTest\ConfigurationTest.csproj", "{159CECE3-508F-4127-9D4A-ACB42B392DA4}"
EndProject
Project("{FAE04EC0-301F-11D3-BF4B-00C04F79EFBC}") = "EasySoft.Core.SqlExecutionRecordTransmitter", "infrastructure\EasySoft.Core.SqlExecutionRecordTransmitter\EasySoft.Core.SqlExecutionRecordTransmitter.csproj", "{1A93F2C3-8A08-4416-85A0-8DBBFC986AEB}"
EndProject
Project("{2150E333-8FDC-42A3-9474-1A3956D46DE8}") = "data", "data", "{3E4998D6-8F35-4340-9F9E-AA686E6E72D3}"
EndProject
Project("{2150E333-8FDC-42A3-9474-1A3956D46DE8}") = "common", "common", "{8A2DE03A-A728-48D2-8E33-AD2A5D53220F}"
EndProject
Project("{2150E333-8FDC-42A3-9474-1A3956D46DE8}") = "special", "special", "{06E84422-05FE-4497-A560-2DF2690196A7}"
EndProject
Project("{FAE04EC0-301F-11D3-BF4B-00C04F79EFBC}") = "EasySoft.Core.Mapster", "infrastructure\EasySoft.Core.Mapster\EasySoft.Core.Mapster.csproj", "{2D32321E-AA5B-47DB-B1EE-13AF3731E6FC}"
EndProject
Project("{2150E333-8FDC-42A3-9474-1A3956D46DE8}") = "visualization", "visualization", "{49B4F92D-C3EB-48E5-84F0-0485F5865D1C}"
EndProject
Project("{FAE04EC0-301F-11D3-BF4B-00C04F79EFBC}") = "EasySoft.Core.LogDashboard", "infrastructure\EasySoft.Core.LogDashboard\EasySoft.Core.LogDashboard.csproj", "{D6443E6E-A86A-4A3E-8980-591E62A0576C}"
EndProject
Project("{2150E333-8FDC-42A3-9474-1A3956D46DE8}") = "auxiliary", "auxiliary", "{3C2BF92B-CDEF-4ED2-AC2A-D5AED27710E2}"
EndProject
Project("{FAE04EC0-301F-11D3-BF4B-00C04F79EFBC}") = "EasySoft.Core.DevelopAuxiliary", "infrastructure\EasySoft.Core.DevelopAuxiliary\EasySoft.Core.DevelopAuxiliary.csproj", "{2851A520-E033-4ECB-BC2A-D93B84707E0C}"
EndProject
Project("{FAE04EC0-301F-11D3-BF4B-00C04F79EFBC}") = "EasySoft.Envoy", "distribution\getway\EasySoft.Envoy\EasySoft.Envoy.csproj", "{2A8E951B-7D32-4F5E-BE7C-0FC6DC7EC0DC}"
EndProject
Project("{2150E333-8FDC-42A3-9474-1A3956D46DE8}") = "distribution", "distribution", "{30216632-B019-4908-9E7A-A119E4B6B0CE}"
EndProject
Project("{2150E333-8FDC-42A3-9474-1A3956D46DE8}") = "getway", "getway", "{DDC81ABD-3EBF-4933-9F3B-FBC0697325A5}"
EndProject
Project("{2150E333-8FDC-42A3-9474-1A3956D46DE8}") = "auth", "auth", "{217C060B-95D6-4350-A2CD-D8E7D6309E3D}"
EndProject
Project("{2150E333-8FDC-42A3-9474-1A3956D46DE8}") = "basic", "basic", "{6794F65F-8FC2-4A42-9EA1-F2E329BB0E7E}"
EndProject
Project("{2150E333-8FDC-42A3-9474-1A3956D46DE8}") = "cache", "cache", "{6EA6C93B-6DBA-4744-A727-1A85A0D816FC}"
EndProject
Project("{2150E333-8FDC-42A3-9474-1A3956D46DE8}") = "log", "log", "{66411A08-ED31-424B-AED1-8D3E8558DD93}"
EndProject
Project("{2150E333-8FDC-42A3-9474-1A3956D46DE8}") = "analysis", "analysis", "{C35377C4-546C-43F6-BA27-8AE69C56994A}"
EndProject
Project("{2150E333-8FDC-42A3-9474-1A3956D46DE8}") = "agileConfig", "agileConfig", "{5D6D8A64-7ACB-4299-B3C0-67D7C42AABC0}"
EndProject
Project("{2150E333-8FDC-42A3-9474-1A3956D46DE8}") = "simple", "simple", "{E3A85C9D-0AA6-456E-A8CF-7EB4773F33A2}"
EndProject
Project("{2150E333-8FDC-42A3-9474-1A3956D46DE8}") = "other", "other", "{E6D1E731-F18C-46B4-B08B-0672F0642295}"
EndProject
Project("{FAE04EC0-301F-11D3-BF4B-00C04F79EFBC}") = "EasySoft.Simple.Shared", "test\EasySoft.Simple.Shared\EasySoft.Simple.Shared.csproj", "{EB6206F4-6B32-4D7E-A97A-979A2FD84F63}"
EndProject
Project("{FAE04EC0-301F-11D3-BF4B-00C04F79EFBC}") = "EasySoft.Core.IdentityServer", "infrastructure\EasySoft.Core.IdentityServer\EasySoft.Core.IdentityServer.csproj", "{75CF2059-FE56-4219-8365-E83603245D5A}"
EndProject
Project("{FAE04EC0-301F-11D3-BF4B-00C04F79EFBC}") = "EasySoft.Core.Yarp", "infrastructure\EasySoft.Core.Yarp\EasySoft.Core.Yarp.csproj", "{DF6CC39E-A6BC-4CA1-855A-79F6F3D3045C}"
EndProject
Project("{2150E333-8FDC-42A3-9474-1A3956D46DE8}") = "UI", "UI", "{DAEE0382-4C98-4B0D-82A4-FC817D294164}"
EndProject
Project("{FAE04EC0-301F-11D3-BF4B-00C04F79EFBC}") = "EasySoft.Core. BootstrapBlazor", "infrastructure\EasySoft.Core. BootstrapBlazor\EasySoft.Core. BootstrapBlazor.csproj", "{58279D9D-1A78-45CD-868D-D9C15DA44A78}"
EndProject
Project("{FAE04EC0-301F-11D3-BF4B-00C04F79EFBC}") = "EasySoft.Core.FreeSql", "infrastructure\EasySoft.Core.FreeSql\EasySoft.Core.FreeSql.csproj", "{C4A263C2-A021-4072-AA91-803E7F6758CD}"
EndProject
Project("{FAE04EC0-301F-11D3-BF4B-00C04F79EFBC}") = "EasySoft.Core.Dapper.Elegant", "infrastructure\EasySoft.Core.Dapper.Elegant\EasySoft.Core.Dapper.Elegant.csproj", "{EC2B954F-ADB9-4A1A-8C31-63E6954825A5}"
EndProject
Project("{FAE04EC0-301F-11D3-BF4B-00C04F79EFBC}") = "EasySoft.Simple.Dapper.Console", "test\EasySoft.Simple.Dapper.Console\EasySoft.Simple.Dapper.Console.csproj", "{011611CC-65FD-45BD-B554-53D05DBDAA5C}"
EndProject
Project("{2150E333-8FDC-42A3-9474-1A3956D46DE8}") = "storage", "storage", "{DD5ECD17-FD19-48D0-A02D-1C77ECA56FB7}"
EndProject
Project("{FAE04EC0-301F-11D3-BF4B-00C04F79EFBC}") = "EasySoft.Core.MinIO", "infrastructure\EasySoft.Core.MinIO\EasySoft.Core.MinIO.csproj", "{AEA0BB1C-C188-4CD2-9D56-D0F2759BD0A3}"
EndProject
Project("{2150E333-8FDC-42A3-9474-1A3956D46DE8}") = "services", "services", "{FDF888EA-C911-46BF-BD67-27DD566E1555}"
EndProject
Project("{FAE04EC0-301F-11D3-BF4B-00C04F79EFBC}") = "EasySoft.IdService", "distribution\EasySoft.IdService\EasySoft.IdService.csproj", "{D482363A-E1ED-4F2B-A739-CDADCEBABBF7}"
EndProject
Project("{FAE04EC0-301F-11D3-BF4B-00C04F79EFBC}") = "EasySoft.Core.Sql", "infrastructure\EasySoft.Core.Sql\EasySoft.Core.Sql.csproj", "{F945C696-8E30-4435-98EA-1F53AFB84939}"
EndProject
Project("{2150E333-8FDC-42A3-9474-1A3956D46DE8}") = "elementary", "elementary", "{044BF196-C30A-4582-ACED-E548C67F7827}"
EndProject
Project("{2150E333-8FDC-42A3-9474-1A3956D46DE8}") = "tracking", "tracking", "{B50E1AC8-8E2A-4BD1-91A7-0761BD29A9E7}"
EndProject
Project("{FAE04EC0-301F-11D3-BF4B-00C04F79EFBC}") = "EasySoft.Core.Cap", "infrastructure\EasySoft.Core.Cap\EasySoft.Core.Cap.csproj", "{BF08506D-0E2D-4127-9AF5-181528FD52A6}"
EndProject
Project("{FAE04EC0-301F-11D3-BF4B-00C04F79EFBC}") = "EasySoft.Core.OpenTelemetry", "infrastructure\EasySoft.Core.OpenTelemetry\EasySoft.Core.OpenTelemetry.csproj", "{B11C9B95-2221-409C-B017-57C6396A1EA0}"
EndProject
Project("{2150E333-8FDC-42A3-9474-1A3956D46DE8}") = "consul", "consul", "{43A85ECD-6AE1-4F55-A0E5-869A429AE736}"
EndProject
Project("{FAE04EC0-301F-11D3-BF4B-00C04F79EFBC}") = "EasySoft.Core.ConsulConfigClient", "infrastructure\EasySoft.Core.ConsulConfigClient\EasySoft.Core.ConsulConfigClient.csproj", "{595E0148-4C99-464F-89BC-3F61B23B1D86}"
EndProject
Project("{2150E333-8FDC-42A3-9474-1A3956D46DE8}") = "lock", "lock", "{4368A973-A517-4700-BE5E-0AE7E1147BF5}"
EndProject
Project("{FAE04EC0-301F-11D3-BF4B-00C04F79EFBC}") = "EasySoft.Core.DistributedLock.RedLock", "infrastructure\EasySoft.Core.DistributedLock.RedLock\EasySoft.Core.DistributedLock.RedLock.csproj", "{6DF403AD-352C-4158-9E87-8F94E4C27F93}"
EndProject
Project("{FAE04EC0-301F-11D3-BF4B-00C04F79EFBC}") = "EasySoft.Core.Exceptionless", "infrastructure\EasySoft.Core.Exceptionless\EasySoft.Core.Exceptionless.csproj", "{017833B0-2F19-4E36-A806-0AE69BD22DD1}"
EndProject
Project("{FAE04EC0-301F-11D3-BF4B-00C04F79EFBC}") = "EasySoft.Core.FeatureManagement", "infrastructure\EasySoft.Core.FeatureManagement\EasySoft.Core.FeatureManagement.csproj", "{DE3D6E75-822C-4863-9675-23768F5579DD}"
EndProject
Project("{2150E333-8FDC-42A3-9474-1A3956D46DE8}") = "crawling", "crawling", "{681521C1-B263-42B3-B430-FD11D331BD7A}"
EndProject
Project("{FAE04EC0-301F-11D3-BF4B-00C04F79EFBC}") = "EasySoft.DotnetSpider", "infrastructure\EasySoft.DotnetSpider\EasySoft.DotnetSpider.csproj", "{A9066C49-F811-4B10-8FBB-5EA6CE77A961}"
EndProject
Project("{FAE04EC0-301F-11D3-BF4B-00C04F79EFBC}") = "EasySoft.AngleSharp", "infrastructure\EasySoft.AngleSharp\EasySoft.AngleSharp.csproj", "{07A757F7-86E1-42E9-8991-6D5F74E45705}"
EndProject
Project("{2150E333-8FDC-42A3-9474-1A3956D46DE8}") = "utility", "utility", "{5AE563D0-82A4-4957-9F75-AFDFBA9648D4}"
EndProject
Project("{2150E333-8FDC-42A3-9474-1A3956D46DE8}") = "validation", "validation", "{31637F87-FF68-4578-9C0E-03BF6AC194DA}"
EndProject
Project("{FAE04EC0-301F-11D3-BF4B-00C04F79EFBC}") = "EasySoft.FluentValidation", "infrastructure\EasySoft.FluentValidation\EasySoft.FluentValidation.csproj", "{0B13D993-AA9D-4DB7-B91F-4AF91BC950F1}"
EndProject
Project("{FAE04EC0-301F-11D3-BF4B-00C04F79EFBC}") = "EasySoft.Core.FluentValidation", "infrastructure\EasySoft.Core.FluentValidation\EasySoft.Core.FluentValidation.csproj", "{BED43A07-C59C-4D4D-94EB-BCAE5E2949E5}"
EndProject
Project("{2150E333-8FDC-42A3-9474-1A3956D46DE8}") = "dependence", "dependence", "{D7E2EFA6-3EED-440A-8DE6-8DBC9BB86EF0}"
EndProject
Project("{FAE04EC0-301F-11D3-BF4B-00C04F79EFBC}") = "EasySoft.Dependence.Core", "infrastructure\EasySoft.Dependence.Core\EasySoft.Dependence.Core.csproj", "{D253A72D-C003-44EA-89E8-A18B8DBD1435}"
EndProject
Project("{FAE04EC0-301F-11D3-BF4B-00C04F79EFBC}") = "EasySoft.Dependence.Standard", "infrastructure\EasySoft.Dependence.Standard\EasySoft.Dependence.Standard.csproj", "{AAFF87D6-3227-44FE-95CC-A74A4EFF9C9D}"
EndProject
Project("{FAE04EC0-301F-11D3-BF4B-00C04F79EFBC}") = "EasySoft.Simple.BackgroundTaskTest", "test\EasySoft.Simple.BackgroundTaskTest\EasySoft.Simple.BackgroundTaskTest.csproj", "{42204749-CC2D-4B05-9BF5-098A01FDB337}"
EndProject
Global
	GlobalSection(SolutionConfigurationPlatforms) = preSolution
		Debug|Any CPU = Debug|Any CPU
		Release|Any CPU = Release|Any CPU
	EndGlobalSection
	GlobalSection(ProjectConfigurationPlatforms) = postSolution
		{366A9FAC-B61E-44E3-B566-63F1D8E585BF}.Debug|Any CPU.ActiveCfg = Debug|Any CPU
		{366A9FAC-B61E-44E3-B566-63F1D8E585BF}.Debug|Any CPU.Build.0 = Debug|Any CPU
		{366A9FAC-B61E-44E3-B566-63F1D8E585BF}.Release|Any CPU.ActiveCfg = Release|Any CPU
		{366A9FAC-B61E-44E3-B566-63F1D8E585BF}.Release|Any CPU.Build.0 = Release|Any CPU
		{12413755-B52D-4D6A-B1FB-3641C762F884}.Debug|Any CPU.ActiveCfg = Debug|Any CPU
		{12413755-B52D-4D6A-B1FB-3641C762F884}.Debug|Any CPU.Build.0 = Debug|Any CPU
		{12413755-B52D-4D6A-B1FB-3641C762F884}.Release|Any CPU.ActiveCfg = Release|Any CPU
		{12413755-B52D-4D6A-B1FB-3641C762F884}.Release|Any CPU.Build.0 = Release|Any CPU
		{D7FA5548-C432-438A-A2FB-8ADA588A7E0A}.Debug|Any CPU.ActiveCfg = Debug|Any CPU
		{D7FA5548-C432-438A-A2FB-8ADA588A7E0A}.Debug|Any CPU.Build.0 = Debug|Any CPU
		{D7FA5548-C432-438A-A2FB-8ADA588A7E0A}.Release|Any CPU.ActiveCfg = Release|Any CPU
		{D7FA5548-C432-438A-A2FB-8ADA588A7E0A}.Release|Any CPU.Build.0 = Release|Any CPU
		{6E54B5A8-96B5-4739-AC78-57D1BD0F312F}.Debug|Any CPU.ActiveCfg = Debug|Any CPU
		{6E54B5A8-96B5-4739-AC78-57D1BD0F312F}.Debug|Any CPU.Build.0 = Debug|Any CPU
		{6E54B5A8-96B5-4739-AC78-57D1BD0F312F}.Release|Any CPU.ActiveCfg = Release|Any CPU
		{6E54B5A8-96B5-4739-AC78-57D1BD0F312F}.Release|Any CPU.Build.0 = Release|Any CPU
		{013FCC47-0160-4B97-8256-B8B1BD2A130C}.Debug|Any CPU.ActiveCfg = Debug|Any CPU
		{013FCC47-0160-4B97-8256-B8B1BD2A130C}.Debug|Any CPU.Build.0 = Debug|Any CPU
		{013FCC47-0160-4B97-8256-B8B1BD2A130C}.Release|Any CPU.ActiveCfg = Release|Any CPU
		{013FCC47-0160-4B97-8256-B8B1BD2A130C}.Release|Any CPU.Build.0 = Release|Any CPU
		{FBEC59EB-4317-4334-92A8-9641B2BEC619}.Debug|Any CPU.ActiveCfg = Debug|Any CPU
		{FBEC59EB-4317-4334-92A8-9641B2BEC619}.Debug|Any CPU.Build.0 = Debug|Any CPU
		{FBEC59EB-4317-4334-92A8-9641B2BEC619}.Release|Any CPU.ActiveCfg = Release|Any CPU
		{FBEC59EB-4317-4334-92A8-9641B2BEC619}.Release|Any CPU.Build.0 = Release|Any CPU
		{69561AB8-26E1-4CC7-8D45-1D0C34BC213F}.Debug|Any CPU.ActiveCfg = Debug|Any CPU
		{69561AB8-26E1-4CC7-8D45-1D0C34BC213F}.Debug|Any CPU.Build.0 = Debug|Any CPU
		{69561AB8-26E1-4CC7-8D45-1D0C34BC213F}.Release|Any CPU.ActiveCfg = Release|Any CPU
		{69561AB8-26E1-4CC7-8D45-1D0C34BC213F}.Release|Any CPU.Build.0 = Release|Any CPU
		{803E21EC-05F8-4FF4-AF1E-BD7F5DA830B7}.Debug|Any CPU.ActiveCfg = Debug|Any CPU
		{803E21EC-05F8-4FF4-AF1E-BD7F5DA830B7}.Debug|Any CPU.Build.0 = Debug|Any CPU
		{803E21EC-05F8-4FF4-AF1E-BD7F5DA830B7}.Release|Any CPU.ActiveCfg = Release|Any CPU
		{803E21EC-05F8-4FF4-AF1E-BD7F5DA830B7}.Release|Any CPU.Build.0 = Release|Any CPU
		{8B03ED94-A173-4F2B-8BFF-7A93608B01F5}.Debug|Any CPU.ActiveCfg = Debug|Any CPU
		{8B03ED94-A173-4F2B-8BFF-7A93608B01F5}.Debug|Any CPU.Build.0 = Debug|Any CPU
		{8B03ED94-A173-4F2B-8BFF-7A93608B01F5}.Release|Any CPU.ActiveCfg = Release|Any CPU
		{8B03ED94-A173-4F2B-8BFF-7A93608B01F5}.Release|Any CPU.Build.0 = Release|Any CPU
		{B40C1E55-6D91-4DE8-B06F-70DBF20B3837}.Debug|Any CPU.ActiveCfg = Debug|Any CPU
		{B40C1E55-6D91-4DE8-B06F-70DBF20B3837}.Debug|Any CPU.Build.0 = Debug|Any CPU
		{B40C1E55-6D91-4DE8-B06F-70DBF20B3837}.Release|Any CPU.ActiveCfg = Release|Any CPU
		{B40C1E55-6D91-4DE8-B06F-70DBF20B3837}.Release|Any CPU.Build.0 = Release|Any CPU
		{1690D828-90C4-43A3-9C0D-A3047558B51B}.Debug|Any CPU.ActiveCfg = Debug|Any CPU
		{1690D828-90C4-43A3-9C0D-A3047558B51B}.Debug|Any CPU.Build.0 = Debug|Any CPU
		{1690D828-90C4-43A3-9C0D-A3047558B51B}.Release|Any CPU.ActiveCfg = Release|Any CPU
		{1690D828-90C4-43A3-9C0D-A3047558B51B}.Release|Any CPU.Build.0 = Release|Any CPU
		{3BA2690C-5395-4B9C-83A3-E6CA11FBFCE5}.Debug|Any CPU.ActiveCfg = Debug|Any CPU
		{3BA2690C-5395-4B9C-83A3-E6CA11FBFCE5}.Debug|Any CPU.Build.0 = Debug|Any CPU
		{3BA2690C-5395-4B9C-83A3-E6CA11FBFCE5}.Release|Any CPU.ActiveCfg = Release|Any CPU
		{3BA2690C-5395-4B9C-83A3-E6CA11FBFCE5}.Release|Any CPU.Build.0 = Release|Any CPU
		{E7040D87-0900-424F-987E-8150135362E9}.Debug|Any CPU.ActiveCfg = Debug|Any CPU
		{E7040D87-0900-424F-987E-8150135362E9}.Debug|Any CPU.Build.0 = Debug|Any CPU
		{E7040D87-0900-424F-987E-8150135362E9}.Release|Any CPU.ActiveCfg = Release|Any CPU
		{E7040D87-0900-424F-987E-8150135362E9}.Release|Any CPU.Build.0 = Release|Any CPU
		{5D383514-6D98-4638-8D9B-99C98ED46E24}.Debug|Any CPU.ActiveCfg = Debug|Any CPU
		{5D383514-6D98-4638-8D9B-99C98ED46E24}.Debug|Any CPU.Build.0 = Debug|Any CPU
		{5D383514-6D98-4638-8D9B-99C98ED46E24}.Release|Any CPU.ActiveCfg = Release|Any CPU
		{5D383514-6D98-4638-8D9B-99C98ED46E24}.Release|Any CPU.Build.0 = Release|Any CPU
		{89744B4F-C6C4-4870-A96D-795859DBDF7D}.Debug|Any CPU.ActiveCfg = Debug|Any CPU
		{89744B4F-C6C4-4870-A96D-795859DBDF7D}.Debug|Any CPU.Build.0 = Debug|Any CPU
		{89744B4F-C6C4-4870-A96D-795859DBDF7D}.Release|Any CPU.ActiveCfg = Release|Any CPU
		{89744B4F-C6C4-4870-A96D-795859DBDF7D}.Release|Any CPU.Build.0 = Release|Any CPU
		{DEB4B7BB-B9FC-4ECC-91E6-9F3A58E24FA6}.Debug|Any CPU.ActiveCfg = Debug|Any CPU
		{DEB4B7BB-B9FC-4ECC-91E6-9F3A58E24FA6}.Debug|Any CPU.Build.0 = Debug|Any CPU
		{DEB4B7BB-B9FC-4ECC-91E6-9F3A58E24FA6}.Release|Any CPU.ActiveCfg = Release|Any CPU
		{DEB4B7BB-B9FC-4ECC-91E6-9F3A58E24FA6}.Release|Any CPU.Build.0 = Release|Any CPU
		{54311193-8614-471F-96AA-3F9CDC97EB8D}.Debug|Any CPU.ActiveCfg = Debug|Any CPU
		{54311193-8614-471F-96AA-3F9CDC97EB8D}.Debug|Any CPU.Build.0 = Debug|Any CPU
		{54311193-8614-471F-96AA-3F9CDC97EB8D}.Release|Any CPU.ActiveCfg = Release|Any CPU
		{54311193-8614-471F-96AA-3F9CDC97EB8D}.Release|Any CPU.Build.0 = Release|Any CPU
		{99E229A1-0413-4C88-BCD2-D9FCF02B1FE5}.Debug|Any CPU.ActiveCfg = Debug|Any CPU
		{99E229A1-0413-4C88-BCD2-D9FCF02B1FE5}.Debug|Any CPU.Build.0 = Debug|Any CPU
		{99E229A1-0413-4C88-BCD2-D9FCF02B1FE5}.Release|Any CPU.ActiveCfg = Release|Any CPU
		{99E229A1-0413-4C88-BCD2-D9FCF02B1FE5}.Release|Any CPU.Build.0 = Release|Any CPU
		{BBE150E2-A39E-4740-8ECE-CE1D85F6F2A2}.Debug|Any CPU.ActiveCfg = Debug|Any CPU
		{BBE150E2-A39E-4740-8ECE-CE1D85F6F2A2}.Debug|Any CPU.Build.0 = Debug|Any CPU
		{BBE150E2-A39E-4740-8ECE-CE1D85F6F2A2}.Release|Any CPU.ActiveCfg = Release|Any CPU
		{BBE150E2-A39E-4740-8ECE-CE1D85F6F2A2}.Release|Any CPU.Build.0 = Release|Any CPU
		{000B4398-FDC3-44AE-8D17-EED5E36EECD5}.Debug|Any CPU.ActiveCfg = Debug|Any CPU
		{000B4398-FDC3-44AE-8D17-EED5E36EECD5}.Debug|Any CPU.Build.0 = Debug|Any CPU
		{000B4398-FDC3-44AE-8D17-EED5E36EECD5}.Release|Any CPU.ActiveCfg = Release|Any CPU
		{000B4398-FDC3-44AE-8D17-EED5E36EECD5}.Release|Any CPU.Build.0 = Release|Any CPU
		{94D99BC3-5FD0-4D9C-B8E1-F0DA5842AAE4}.Debug|Any CPU.ActiveCfg = Debug|Any CPU
		{94D99BC3-5FD0-4D9C-B8E1-F0DA5842AAE4}.Debug|Any CPU.Build.0 = Debug|Any CPU
		{94D99BC3-5FD0-4D9C-B8E1-F0DA5842AAE4}.Release|Any CPU.ActiveCfg = Release|Any CPU
		{94D99BC3-5FD0-4D9C-B8E1-F0DA5842AAE4}.Release|Any CPU.Build.0 = Release|Any CPU
		{4AC651EA-B15C-4147-BFF9-963874EDEABD}.Debug|Any CPU.ActiveCfg = Debug|Any CPU
		{4AC651EA-B15C-4147-BFF9-963874EDEABD}.Debug|Any CPU.Build.0 = Debug|Any CPU
		{4AC651EA-B15C-4147-BFF9-963874EDEABD}.Release|Any CPU.ActiveCfg = Release|Any CPU
		{4AC651EA-B15C-4147-BFF9-963874EDEABD}.Release|Any CPU.Build.0 = Release|Any CPU
		{FE89CDFC-5A5F-4027-8C1C-35ACEECF725C}.Debug|Any CPU.ActiveCfg = Debug|Any CPU
		{FE89CDFC-5A5F-4027-8C1C-35ACEECF725C}.Debug|Any CPU.Build.0 = Debug|Any CPU
		{FE89CDFC-5A5F-4027-8C1C-35ACEECF725C}.Release|Any CPU.ActiveCfg = Release|Any CPU
		{FE89CDFC-5A5F-4027-8C1C-35ACEECF725C}.Release|Any CPU.Build.0 = Release|Any CPU
		{38C8DFFF-B515-4853-8DE3-E97B90440C08}.Debug|Any CPU.ActiveCfg = Debug|Any CPU
		{38C8DFFF-B515-4853-8DE3-E97B90440C08}.Debug|Any CPU.Build.0 = Debug|Any CPU
		{38C8DFFF-B515-4853-8DE3-E97B90440C08}.Release|Any CPU.ActiveCfg = Release|Any CPU
		{38C8DFFF-B515-4853-8DE3-E97B90440C08}.Release|Any CPU.Build.0 = Release|Any CPU
		{B716B52E-EFF6-4D72-AC26-4D2DE89DC18C}.Debug|Any CPU.ActiveCfg = Debug|Any CPU
		{B716B52E-EFF6-4D72-AC26-4D2DE89DC18C}.Debug|Any CPU.Build.0 = Debug|Any CPU
		{B716B52E-EFF6-4D72-AC26-4D2DE89DC18C}.Release|Any CPU.ActiveCfg = Release|Any CPU
		{B716B52E-EFF6-4D72-AC26-4D2DE89DC18C}.Release|Any CPU.Build.0 = Release|Any CPU
		{944A05EB-EF3A-4D14-8E0A-97C2A69DDCCB}.Debug|Any CPU.ActiveCfg = Debug|Any CPU
		{944A05EB-EF3A-4D14-8E0A-97C2A69DDCCB}.Debug|Any CPU.Build.0 = Debug|Any CPU
		{944A05EB-EF3A-4D14-8E0A-97C2A69DDCCB}.Release|Any CPU.ActiveCfg = Release|Any CPU
		{944A05EB-EF3A-4D14-8E0A-97C2A69DDCCB}.Release|Any CPU.Build.0 = Release|Any CPU
		{654190D6-2418-428A-BB8B-B52D7C2C81C2}.Debug|Any CPU.ActiveCfg = Debug|Any CPU
		{654190D6-2418-428A-BB8B-B52D7C2C81C2}.Debug|Any CPU.Build.0 = Debug|Any CPU
		{654190D6-2418-428A-BB8B-B52D7C2C81C2}.Release|Any CPU.ActiveCfg = Release|Any CPU
		{654190D6-2418-428A-BB8B-B52D7C2C81C2}.Release|Any CPU.Build.0 = Release|Any CPU
		{54446A01-ABB4-47F2-BD3C-5141C78A68F7}.Debug|Any CPU.ActiveCfg = Debug|Any CPU
		{54446A01-ABB4-47F2-BD3C-5141C78A68F7}.Debug|Any CPU.Build.0 = Debug|Any CPU
		{54446A01-ABB4-47F2-BD3C-5141C78A68F7}.Release|Any CPU.ActiveCfg = Release|Any CPU
		{54446A01-ABB4-47F2-BD3C-5141C78A68F7}.Release|Any CPU.Build.0 = Release|Any CPU
		{97E98F31-941D-483D-AD77-2D7123099E53}.Debug|Any CPU.ActiveCfg = Debug|Any CPU
		{97E98F31-941D-483D-AD77-2D7123099E53}.Debug|Any CPU.Build.0 = Debug|Any CPU
		{97E98F31-941D-483D-AD77-2D7123099E53}.Release|Any CPU.ActiveCfg = Release|Any CPU
		{97E98F31-941D-483D-AD77-2D7123099E53}.Release|Any CPU.Build.0 = Release|Any CPU
		{D6C37C08-D12B-4E8A-B0EA-4D7529AFB5A2}.Debug|Any CPU.ActiveCfg = Debug|Any CPU
		{D6C37C08-D12B-4E8A-B0EA-4D7529AFB5A2}.Debug|Any CPU.Build.0 = Debug|Any CPU
		{D6C37C08-D12B-4E8A-B0EA-4D7529AFB5A2}.Release|Any CPU.ActiveCfg = Release|Any CPU
		{D6C37C08-D12B-4E8A-B0EA-4D7529AFB5A2}.Release|Any CPU.Build.0 = Release|Any CPU
		{183EBB37-E62E-4853-B51D-1404F077F08B}.Debug|Any CPU.ActiveCfg = Debug|Any CPU
		{183EBB37-E62E-4853-B51D-1404F077F08B}.Debug|Any CPU.Build.0 = Debug|Any CPU
		{183EBB37-E62E-4853-B51D-1404F077F08B}.Release|Any CPU.ActiveCfg = Release|Any CPU
		{183EBB37-E62E-4853-B51D-1404F077F08B}.Release|Any CPU.Build.0 = Release|Any CPU
		{599688FF-6ED9-45FE-950F-F879385FD4BF}.Debug|Any CPU.ActiveCfg = Debug|Any CPU
		{599688FF-6ED9-45FE-950F-F879385FD4BF}.Debug|Any CPU.Build.0 = Debug|Any CPU
		{599688FF-6ED9-45FE-950F-F879385FD4BF}.Release|Any CPU.ActiveCfg = Release|Any CPU
		{599688FF-6ED9-45FE-950F-F879385FD4BF}.Release|Any CPU.Build.0 = Release|Any CPU
		{AB90E06C-7972-45B6-AE0D-D5E0CBCF196F}.Debug|Any CPU.ActiveCfg = Debug|Any CPU
		{AB90E06C-7972-45B6-AE0D-D5E0CBCF196F}.Debug|Any CPU.Build.0 = Debug|Any CPU
		{AB90E06C-7972-45B6-AE0D-D5E0CBCF196F}.Release|Any CPU.ActiveCfg = Release|Any CPU
		{AB90E06C-7972-45B6-AE0D-D5E0CBCF196F}.Release|Any CPU.Build.0 = Release|Any CPU
		{3558FAF0-1C76-449E-AB31-4791EBB8A568}.Debug|Any CPU.ActiveCfg = Debug|Any CPU
		{3558FAF0-1C76-449E-AB31-4791EBB8A568}.Debug|Any CPU.Build.0 = Debug|Any CPU
		{3558FAF0-1C76-449E-AB31-4791EBB8A568}.Release|Any CPU.ActiveCfg = Release|Any CPU
		{3558FAF0-1C76-449E-AB31-4791EBB8A568}.Release|Any CPU.Build.0 = Release|Any CPU
		{3910C110-FBED-4404-B483-CCDEF44F0662}.Debug|Any CPU.ActiveCfg = Debug|Any CPU
		{3910C110-FBED-4404-B483-CCDEF44F0662}.Debug|Any CPU.Build.0 = Debug|Any CPU
		{3910C110-FBED-4404-B483-CCDEF44F0662}.Release|Any CPU.ActiveCfg = Release|Any CPU
		{3910C110-FBED-4404-B483-CCDEF44F0662}.Release|Any CPU.Build.0 = Release|Any CPU
		{0D644DBB-C8DE-4259-A816-A981FD5E9895}.Debug|Any CPU.ActiveCfg = Debug|Any CPU
		{0D644DBB-C8DE-4259-A816-A981FD5E9895}.Debug|Any CPU.Build.0 = Debug|Any CPU
		{0D644DBB-C8DE-4259-A816-A981FD5E9895}.Release|Any CPU.ActiveCfg = Release|Any CPU
		{0D644DBB-C8DE-4259-A816-A981FD5E9895}.Release|Any CPU.Build.0 = Release|Any CPU
		{9113ECC7-95CB-41C0-A3E1-7EB0F2AA59F2}.Debug|Any CPU.ActiveCfg = Debug|Any CPU
		{9113ECC7-95CB-41C0-A3E1-7EB0F2AA59F2}.Debug|Any CPU.Build.0 = Debug|Any CPU
		{9113ECC7-95CB-41C0-A3E1-7EB0F2AA59F2}.Release|Any CPU.ActiveCfg = Release|Any CPU
		{9113ECC7-95CB-41C0-A3E1-7EB0F2AA59F2}.Release|Any CPU.Build.0 = Release|Any CPU
		{3BCEA092-D7FB-483B-A8C9-370865B99C9B}.Debug|Any CPU.ActiveCfg = Debug|Any CPU
		{3BCEA092-D7FB-483B-A8C9-370865B99C9B}.Debug|Any CPU.Build.0 = Debug|Any CPU
		{3BCEA092-D7FB-483B-A8C9-370865B99C9B}.Release|Any CPU.ActiveCfg = Release|Any CPU
		{3BCEA092-D7FB-483B-A8C9-370865B99C9B}.Release|Any CPU.Build.0 = Release|Any CPU
		{B3257152-FFA2-4054-8CDC-368902816A0F}.Debug|Any CPU.ActiveCfg = Debug|Any CPU
		{B3257152-FFA2-4054-8CDC-368902816A0F}.Debug|Any CPU.Build.0 = Debug|Any CPU
		{B3257152-FFA2-4054-8CDC-368902816A0F}.Release|Any CPU.ActiveCfg = Release|Any CPU
		{B3257152-FFA2-4054-8CDC-368902816A0F}.Release|Any CPU.Build.0 = Release|Any CPU
		{159CECE3-508F-4127-9D4A-ACB42B392DA4}.Debug|Any CPU.ActiveCfg = Debug|Any CPU
		{159CECE3-508F-4127-9D4A-ACB42B392DA4}.Debug|Any CPU.Build.0 = Debug|Any CPU
		{159CECE3-508F-4127-9D4A-ACB42B392DA4}.Release|Any CPU.ActiveCfg = Release|Any CPU
		{159CECE3-508F-4127-9D4A-ACB42B392DA4}.Release|Any CPU.Build.0 = Release|Any CPU
		{1A93F2C3-8A08-4416-85A0-8DBBFC986AEB}.Debug|Any CPU.ActiveCfg = Debug|Any CPU
		{1A93F2C3-8A08-4416-85A0-8DBBFC986AEB}.Debug|Any CPU.Build.0 = Debug|Any CPU
		{1A93F2C3-8A08-4416-85A0-8DBBFC986AEB}.Release|Any CPU.ActiveCfg = Release|Any CPU
		{1A93F2C3-8A08-4416-85A0-8DBBFC986AEB}.Release|Any CPU.Build.0 = Release|Any CPU
		{2D32321E-AA5B-47DB-B1EE-13AF3731E6FC}.Debug|Any CPU.ActiveCfg = Debug|Any CPU
		{2D32321E-AA5B-47DB-B1EE-13AF3731E6FC}.Debug|Any CPU.Build.0 = Debug|Any CPU
		{2D32321E-AA5B-47DB-B1EE-13AF3731E6FC}.Release|Any CPU.ActiveCfg = Release|Any CPU
		{2D32321E-AA5B-47DB-B1EE-13AF3731E6FC}.Release|Any CPU.Build.0 = Release|Any CPU
		{D6443E6E-A86A-4A3E-8980-591E62A0576C}.Debug|Any CPU.ActiveCfg = Debug|Any CPU
		{D6443E6E-A86A-4A3E-8980-591E62A0576C}.Debug|Any CPU.Build.0 = Debug|Any CPU
		{D6443E6E-A86A-4A3E-8980-591E62A0576C}.Release|Any CPU.ActiveCfg = Release|Any CPU
		{D6443E6E-A86A-4A3E-8980-591E62A0576C}.Release|Any CPU.Build.0 = Release|Any CPU
		{2851A520-E033-4ECB-BC2A-D93B84707E0C}.Debug|Any CPU.ActiveCfg = Debug|Any CPU
		{2851A520-E033-4ECB-BC2A-D93B84707E0C}.Debug|Any CPU.Build.0 = Debug|Any CPU
		{2851A520-E033-4ECB-BC2A-D93B84707E0C}.Release|Any CPU.ActiveCfg = Release|Any CPU
		{2851A520-E033-4ECB-BC2A-D93B84707E0C}.Release|Any CPU.Build.0 = Release|Any CPU
		{2A8E951B-7D32-4F5E-BE7C-0FC6DC7EC0DC}.Debug|Any CPU.ActiveCfg = Debug|Any CPU
		{2A8E951B-7D32-4F5E-BE7C-0FC6DC7EC0DC}.Debug|Any CPU.Build.0 = Debug|Any CPU
		{2A8E951B-7D32-4F5E-BE7C-0FC6DC7EC0DC}.Release|Any CPU.ActiveCfg = Release|Any CPU
		{2A8E951B-7D32-4F5E-BE7C-0FC6DC7EC0DC}.Release|Any CPU.Build.0 = Release|Any CPU
		{EB6206F4-6B32-4D7E-A97A-979A2FD84F63}.Debug|Any CPU.ActiveCfg = Debug|Any CPU
		{EB6206F4-6B32-4D7E-A97A-979A2FD84F63}.Debug|Any CPU.Build.0 = Debug|Any CPU
		{EB6206F4-6B32-4D7E-A97A-979A2FD84F63}.Release|Any CPU.ActiveCfg = Release|Any CPU
		{EB6206F4-6B32-4D7E-A97A-979A2FD84F63}.Release|Any CPU.Build.0 = Release|Any CPU
		{75CF2059-FE56-4219-8365-E83603245D5A}.Debug|Any CPU.ActiveCfg = Debug|Any CPU
		{75CF2059-FE56-4219-8365-E83603245D5A}.Debug|Any CPU.Build.0 = Debug|Any CPU
		{75CF2059-FE56-4219-8365-E83603245D5A}.Release|Any CPU.ActiveCfg = Release|Any CPU
		{75CF2059-FE56-4219-8365-E83603245D5A}.Release|Any CPU.Build.0 = Release|Any CPU
		{DF6CC39E-A6BC-4CA1-855A-79F6F3D3045C}.Debug|Any CPU.ActiveCfg = Debug|Any CPU
		{DF6CC39E-A6BC-4CA1-855A-79F6F3D3045C}.Debug|Any CPU.Build.0 = Debug|Any CPU
		{DF6CC39E-A6BC-4CA1-855A-79F6F3D3045C}.Release|Any CPU.ActiveCfg = Release|Any CPU
		{DF6CC39E-A6BC-4CA1-855A-79F6F3D3045C}.Release|Any CPU.Build.0 = Release|Any CPU
		{58279D9D-1A78-45CD-868D-D9C15DA44A78}.Debug|Any CPU.ActiveCfg = Debug|Any CPU
		{58279D9D-1A78-45CD-868D-D9C15DA44A78}.Debug|Any CPU.Build.0 = Debug|Any CPU
		{58279D9D-1A78-45CD-868D-D9C15DA44A78}.Release|Any CPU.ActiveCfg = Release|Any CPU
		{58279D9D-1A78-45CD-868D-D9C15DA44A78}.Release|Any CPU.Build.0 = Release|Any CPU
		{C4A263C2-A021-4072-AA91-803E7F6758CD}.Debug|Any CPU.ActiveCfg = Debug|Any CPU
		{C4A263C2-A021-4072-AA91-803E7F6758CD}.Debug|Any CPU.Build.0 = Debug|Any CPU
		{C4A263C2-A021-4072-AA91-803E7F6758CD}.Release|Any CPU.ActiveCfg = Release|Any CPU
		{C4A263C2-A021-4072-AA91-803E7F6758CD}.Release|Any CPU.Build.0 = Release|Any CPU
		{EC2B954F-ADB9-4A1A-8C31-63E6954825A5}.Debug|Any CPU.ActiveCfg = Debug|Any CPU
		{EC2B954F-ADB9-4A1A-8C31-63E6954825A5}.Debug|Any CPU.Build.0 = Debug|Any CPU
		{EC2B954F-ADB9-4A1A-8C31-63E6954825A5}.Release|Any CPU.ActiveCfg = Release|Any CPU
		{EC2B954F-ADB9-4A1A-8C31-63E6954825A5}.Release|Any CPU.Build.0 = Release|Any CPU
		{011611CC-65FD-45BD-B554-53D05DBDAA5C}.Debug|Any CPU.ActiveCfg = Debug|Any CPU
		{011611CC-65FD-45BD-B554-53D05DBDAA5C}.Debug|Any CPU.Build.0 = Debug|Any CPU
		{011611CC-65FD-45BD-B554-53D05DBDAA5C}.Release|Any CPU.ActiveCfg = Release|Any CPU
		{011611CC-65FD-45BD-B554-53D05DBDAA5C}.Release|Any CPU.Build.0 = Release|Any CPU
		{AEA0BB1C-C188-4CD2-9D56-D0F2759BD0A3}.Debug|Any CPU.ActiveCfg = Debug|Any CPU
		{AEA0BB1C-C188-4CD2-9D56-D0F2759BD0A3}.Debug|Any CPU.Build.0 = Debug|Any CPU
		{AEA0BB1C-C188-4CD2-9D56-D0F2759BD0A3}.Release|Any CPU.ActiveCfg = Release|Any CPU
		{AEA0BB1C-C188-4CD2-9D56-D0F2759BD0A3}.Release|Any CPU.Build.0 = Release|Any CPU
		{D482363A-E1ED-4F2B-A739-CDADCEBABBF7}.Debug|Any CPU.ActiveCfg = Debug|Any CPU
		{D482363A-E1ED-4F2B-A739-CDADCEBABBF7}.Debug|Any CPU.Build.0 = Debug|Any CPU
		{D482363A-E1ED-4F2B-A739-CDADCEBABBF7}.Release|Any CPU.ActiveCfg = Release|Any CPU
		{D482363A-E1ED-4F2B-A739-CDADCEBABBF7}.Release|Any CPU.Build.0 = Release|Any CPU
		{F945C696-8E30-4435-98EA-1F53AFB84939}.Debug|Any CPU.ActiveCfg = Debug|Any CPU
		{F945C696-8E30-4435-98EA-1F53AFB84939}.Debug|Any CPU.Build.0 = Debug|Any CPU
		{F945C696-8E30-4435-98EA-1F53AFB84939}.Release|Any CPU.ActiveCfg = Release|Any CPU
		{F945C696-8E30-4435-98EA-1F53AFB84939}.Release|Any CPU.Build.0 = Release|Any CPU
		{BF08506D-0E2D-4127-9AF5-181528FD52A6}.Debug|Any CPU.ActiveCfg = Debug|Any CPU
		{BF08506D-0E2D-4127-9AF5-181528FD52A6}.Debug|Any CPU.Build.0 = Debug|Any CPU
		{BF08506D-0E2D-4127-9AF5-181528FD52A6}.Release|Any CPU.ActiveCfg = Release|Any CPU
		{BF08506D-0E2D-4127-9AF5-181528FD52A6}.Release|Any CPU.Build.0 = Release|Any CPU
		{B11C9B95-2221-409C-B017-57C6396A1EA0}.Debug|Any CPU.ActiveCfg = Debug|Any CPU
		{B11C9B95-2221-409C-B017-57C6396A1EA0}.Debug|Any CPU.Build.0 = Debug|Any CPU
		{B11C9B95-2221-409C-B017-57C6396A1EA0}.Release|Any CPU.ActiveCfg = Release|Any CPU
		{B11C9B95-2221-409C-B017-57C6396A1EA0}.Release|Any CPU.Build.0 = Release|Any CPU
		{595E0148-4C99-464F-89BC-3F61B23B1D86}.Debug|Any CPU.ActiveCfg = Debug|Any CPU
		{595E0148-4C99-464F-89BC-3F61B23B1D86}.Debug|Any CPU.Build.0 = Debug|Any CPU
		{595E0148-4C99-464F-89BC-3F61B23B1D86}.Release|Any CPU.ActiveCfg = Release|Any CPU
		{595E0148-4C99-464F-89BC-3F61B23B1D86}.Release|Any CPU.Build.0 = Release|Any CPU
		{6DF403AD-352C-4158-9E87-8F94E4C27F93}.Debug|Any CPU.ActiveCfg = Debug|Any CPU
		{6DF403AD-352C-4158-9E87-8F94E4C27F93}.Debug|Any CPU.Build.0 = Debug|Any CPU
		{6DF403AD-352C-4158-9E87-8F94E4C27F93}.Release|Any CPU.ActiveCfg = Release|Any CPU
		{6DF403AD-352C-4158-9E87-8F94E4C27F93}.Release|Any CPU.Build.0 = Release|Any CPU
		{017833B0-2F19-4E36-A806-0AE69BD22DD1}.Debug|Any CPU.ActiveCfg = Debug|Any CPU
		{017833B0-2F19-4E36-A806-0AE69BD22DD1}.Debug|Any CPU.Build.0 = Debug|Any CPU
		{017833B0-2F19-4E36-A806-0AE69BD22DD1}.Release|Any CPU.ActiveCfg = Release|Any CPU
		{017833B0-2F19-4E36-A806-0AE69BD22DD1}.Release|Any CPU.Build.0 = Release|Any CPU
		{DE3D6E75-822C-4863-9675-23768F5579DD}.Debug|Any CPU.ActiveCfg = Debug|Any CPU
		{DE3D6E75-822C-4863-9675-23768F5579DD}.Debug|Any CPU.Build.0 = Debug|Any CPU
		{DE3D6E75-822C-4863-9675-23768F5579DD}.Release|Any CPU.ActiveCfg = Release|Any CPU
		{DE3D6E75-822C-4863-9675-23768F5579DD}.Release|Any CPU.Build.0 = Release|Any CPU
		{A9066C49-F811-4B10-8FBB-5EA6CE77A961}.Debug|Any CPU.ActiveCfg = Debug|Any CPU
		{A9066C49-F811-4B10-8FBB-5EA6CE77A961}.Debug|Any CPU.Build.0 = Debug|Any CPU
		{A9066C49-F811-4B10-8FBB-5EA6CE77A961}.Release|Any CPU.ActiveCfg = Release|Any CPU
		{A9066C49-F811-4B10-8FBB-5EA6CE77A961}.Release|Any CPU.Build.0 = Release|Any CPU
		{07A757F7-86E1-42E9-8991-6D5F74E45705}.Debug|Any CPU.ActiveCfg = Debug|Any CPU
		{07A757F7-86E1-42E9-8991-6D5F74E45705}.Debug|Any CPU.Build.0 = Debug|Any CPU
		{07A757F7-86E1-42E9-8991-6D5F74E45705}.Release|Any CPU.ActiveCfg = Release|Any CPU
		{07A757F7-86E1-42E9-8991-6D5F74E45705}.Release|Any CPU.Build.0 = Release|Any CPU
		{0B13D993-AA9D-4DB7-B91F-4AF91BC950F1}.Debug|Any CPU.ActiveCfg = Debug|Any CPU
		{0B13D993-AA9D-4DB7-B91F-4AF91BC950F1}.Debug|Any CPU.Build.0 = Debug|Any CPU
		{0B13D993-AA9D-4DB7-B91F-4AF91BC950F1}.Release|Any CPU.ActiveCfg = Release|Any CPU
		{0B13D993-AA9D-4DB7-B91F-4AF91BC950F1}.Release|Any CPU.Build.0 = Release|Any CPU
		{BED43A07-C59C-4D4D-94EB-BCAE5E2949E5}.Debug|Any CPU.ActiveCfg = Debug|Any CPU
		{BED43A07-C59C-4D4D-94EB-BCAE5E2949E5}.Debug|Any CPU.Build.0 = Debug|Any CPU
		{BED43A07-C59C-4D4D-94EB-BCAE5E2949E5}.Release|Any CPU.ActiveCfg = Release|Any CPU
		{BED43A07-C59C-4D4D-94EB-BCAE5E2949E5}.Release|Any CPU.Build.0 = Release|Any CPU
		{D253A72D-C003-44EA-89E8-A18B8DBD1435}.Debug|Any CPU.ActiveCfg = Debug|Any CPU
		{D253A72D-C003-44EA-89E8-A18B8DBD1435}.Debug|Any CPU.Build.0 = Debug|Any CPU
		{D253A72D-C003-44EA-89E8-A18B8DBD1435}.Release|Any CPU.ActiveCfg = Release|Any CPU
		{D253A72D-C003-44EA-89E8-A18B8DBD1435}.Release|Any CPU.Build.0 = Release|Any CPU
		{AAFF87D6-3227-44FE-95CC-A74A4EFF9C9D}.Debug|Any CPU.ActiveCfg = Debug|Any CPU
		{AAFF87D6-3227-44FE-95CC-A74A4EFF9C9D}.Debug|Any CPU.Build.0 = Debug|Any CPU
		{AAFF87D6-3227-44FE-95CC-A74A4EFF9C9D}.Release|Any CPU.ActiveCfg = Release|Any CPU
		{AAFF87D6-3227-44FE-95CC-A74A4EFF9C9D}.Release|Any CPU.Build.0 = Release|Any CPU
		{42204749-CC2D-4B05-9BF5-098A01FDB337}.Debug|Any CPU.ActiveCfg = Debug|Any CPU
		{42204749-CC2D-4B05-9BF5-098A01FDB337}.Debug|Any CPU.Build.0 = Debug|Any CPU
		{42204749-CC2D-4B05-9BF5-098A01FDB337}.Release|Any CPU.ActiveCfg = Release|Any CPU
		{42204749-CC2D-4B05-9BF5-098A01FDB337}.Release|Any CPU.Build.0 = Release|Any CPU
	EndGlobalSection
	GlobalSection(SolutionProperties) = preSolution
		HideSolutionNode = FALSE
	EndGlobalSection
	GlobalSection(NestedProjects) = preSolution
		{FBEC59EB-4317-4334-92A8-9641B2BEC619} = {8D7FB3F6-1038-4974-A787-044646C716C1}
		{1690D828-90C4-43A3-9C0D-A3047558B51B} = {3A5000A7-B37E-4A5D-8668-82E7E2681993}
		{E3680D8B-1B50-4234-9E60-AAF8483FA0D3} = {65AFCFE2-59A9-4704-A9BE-A5B83F944E88}
		{A4A52E96-6D09-4234-BD3F-FF1EEFBBAEC2} = {65AFCFE2-59A9-4704-A9BE-A5B83F944E88}
		{54311193-8614-471F-96AA-3F9CDC97EB8D} = {A4A52E96-6D09-4234-BD3F-FF1EEFBBAEC2}
		{5D383514-6D98-4638-8D9B-99C98ED46E24} = {A4A52E96-6D09-4234-BD3F-FF1EEFBBAEC2}
		{E1BDAC69-A565-4A26-866B-10845357EA3D} = {65AFCFE2-59A9-4704-A9BE-A5B83F944E88}
		{DEB4B7BB-B9FC-4ECC-91E6-9F3A58E24FA6} = {E1BDAC69-A565-4A26-866B-10845357EA3D}
		{4AC651EA-B15C-4147-BFF9-963874EDEABD} = {E1BDAC69-A565-4A26-866B-10845357EA3D}
		{94D99BC3-5FD0-4D9C-B8E1-F0DA5842AAE4} = {E1BDAC69-A565-4A26-866B-10845357EA3D}
		{E7040D87-0900-424F-987E-8150135362E9} = {E3680D8B-1B50-4234-9E60-AAF8483FA0D3}
		{5CFBCD84-655E-4724-A0FF-03C2390C471E} = {65AFCFE2-59A9-4704-A9BE-A5B83F944E88}
		{B716B52E-EFF6-4D72-AC26-4D2DE89DC18C} = {A4A52E96-6D09-4234-BD3F-FF1EEFBBAEC2}
		{183EBB37-E62E-4853-B51D-1404F077F08B} = {197B7656-8BFE-49AA-AA1E-C511B75B26B6}
		{9113ECC7-95CB-41C0-A3E1-7EB0F2AA59F2} = {5CFBCD84-655E-4724-A0FF-03C2390C471E}
		{3BA2690C-5395-4B9C-83A3-E6CA11FBFCE5} = {5CFBCD84-655E-4724-A0FF-03C2390C471E}
		{197B7656-8BFE-49AA-AA1E-C511B75B26B6} = {65AFCFE2-59A9-4704-A9BE-A5B83F944E88}
		{F588C52F-F0DA-4B91-80A1-342BED14F51B} = {65AFCFE2-59A9-4704-A9BE-A5B83F944E88}
		{B3257152-FFA2-4054-8CDC-368902816A0F} = {F588C52F-F0DA-4B91-80A1-342BED14F51B}
		{1A93F2C3-8A08-4416-85A0-8DBBFC986AEB} = {A4A52E96-6D09-4234-BD3F-FF1EEFBBAEC2}
		{3E4998D6-8F35-4340-9F9E-AA686E6E72D3} = {65AFCFE2-59A9-4704-A9BE-A5B83F944E88}
		{599688FF-6ED9-45FE-950F-F879385FD4BF} = {3E4998D6-8F35-4340-9F9E-AA686E6E72D3}
		{FE89CDFC-5A5F-4027-8C1C-35ACEECF725C} = {3E4998D6-8F35-4340-9F9E-AA686E6E72D3}
		{8A2DE03A-A728-48D2-8E33-AD2A5D53220F} = {65AFCFE2-59A9-4704-A9BE-A5B83F944E88}
		{013FCC47-0160-4B97-8256-B8B1BD2A130C} = {8A2DE03A-A728-48D2-8E33-AD2A5D53220F}
		{6E54B5A8-96B5-4739-AC78-57D1BD0F312F} = {8A2DE03A-A728-48D2-8E33-AD2A5D53220F}
		{12413755-B52D-4D6A-B1FB-3641C762F884} = {8A2DE03A-A728-48D2-8E33-AD2A5D53220F}
		{06E84422-05FE-4497-A560-2DF2690196A7} = {65AFCFE2-59A9-4704-A9BE-A5B83F944E88}
		{D7FA5548-C432-438A-A2FB-8ADA588A7E0A} = {06E84422-05FE-4497-A560-2DF2690196A7}
		{2D32321E-AA5B-47DB-B1EE-13AF3731E6FC} = {E1BDAC69-A565-4A26-866B-10845357EA3D}
		{49B4F92D-C3EB-48E5-84F0-0485F5865D1C} = {65AFCFE2-59A9-4704-A9BE-A5B83F944E88}
		{3C2BF92B-CDEF-4ED2-AC2A-D5AED27710E2} = {65AFCFE2-59A9-4704-A9BE-A5B83F944E88}
		{2851A520-E033-4ECB-BC2A-D93B84707E0C} = {3C2BF92B-CDEF-4ED2-AC2A-D5AED27710E2}
		{DDC81ABD-3EBF-4933-9F3B-FBC0697325A5} = {30216632-B019-4908-9E7A-A119E4B6B0CE}
		{2A8E951B-7D32-4F5E-BE7C-0FC6DC7EC0DC} = {DDC81ABD-3EBF-4933-9F3B-FBC0697325A5}
		{217C060B-95D6-4350-A2CD-D8E7D6309E3D} = {65AFCFE2-59A9-4704-A9BE-A5B83F944E88}
		{97E98F31-941D-483D-AD77-2D7123099E53} = {217C060B-95D6-4350-A2CD-D8E7D6309E3D}
		{54446A01-ABB4-47F2-BD3C-5141C78A68F7} = {217C060B-95D6-4350-A2CD-D8E7D6309E3D}
		{D6C37C08-D12B-4E8A-B0EA-4D7529AFB5A2} = {217C060B-95D6-4350-A2CD-D8E7D6309E3D}
		{99E229A1-0413-4C88-BCD2-D9FCF02B1FE5} = {217C060B-95D6-4350-A2CD-D8E7D6309E3D}
		{6794F65F-8FC2-4A42-9EA1-F2E329BB0E7E} = {65AFCFE2-59A9-4704-A9BE-A5B83F944E88}
		{000B4398-FDC3-44AE-8D17-EED5E36EECD5} = {6794F65F-8FC2-4A42-9EA1-F2E329BB0E7E}
		{BBE150E2-A39E-4740-8ECE-CE1D85F6F2A2} = {E3680D8B-1B50-4234-9E60-AAF8483FA0D3}
		{654190D6-2418-428A-BB8B-B52D7C2C81C2} = {6EA6C93B-6DBA-4744-A727-1A85A0D816FC}
		{38C8DFFF-B515-4853-8DE3-E97B90440C08} = {6EA6C93B-6DBA-4744-A727-1A85A0D816FC}
		{66411A08-ED31-424B-AED1-8D3E8558DD93} = {65AFCFE2-59A9-4704-A9BE-A5B83F944E88}
		{AB90E06C-7972-45B6-AE0D-D5E0CBCF196F} = {66411A08-ED31-424B-AED1-8D3E8558DD93}
		{D6443E6E-A86A-4A3E-8980-591E62A0576C} = {66411A08-ED31-424B-AED1-8D3E8558DD93}
		{C35377C4-546C-43F6-BA27-8AE69C56994A} = {65AFCFE2-59A9-4704-A9BE-A5B83F944E88}
		{3BCEA092-D7FB-483B-A8C9-370865B99C9B} = {C35377C4-546C-43F6-BA27-8AE69C56994A}
		{5D6D8A64-7ACB-4299-B3C0-67D7C42AABC0} = {5CFBCD84-655E-4724-A0FF-03C2390C471E}
		{3558FAF0-1C76-449E-AB31-4791EBB8A568} = {5D6D8A64-7ACB-4299-B3C0-67D7C42AABC0}
		{3910C110-FBED-4404-B483-CCDEF44F0662} = {5D6D8A64-7ACB-4299-B3C0-67D7C42AABC0}
		{E3A85C9D-0AA6-456E-A8CF-7EB4773F33A2} = {3A5000A7-B37E-4A5D-8668-82E7E2681993}
		{8B03ED94-A173-4F2B-8BFF-7A93608B01F5} = {E3A85C9D-0AA6-456E-A8CF-7EB4773F33A2}
		{E6D1E731-F18C-46B4-B08B-0672F0642295} = {3A5000A7-B37E-4A5D-8668-82E7E2681993}
		{0D644DBB-C8DE-4259-A816-A981FD5E9895} = {E6D1E731-F18C-46B4-B08B-0672F0642295}
		{69561AB8-26E1-4CC7-8D45-1D0C34BC213F} = {E6D1E731-F18C-46B4-B08B-0672F0642295}
		{803E21EC-05F8-4FF4-AF1E-BD7F5DA830B7} = {E6D1E731-F18C-46B4-B08B-0672F0642295}
		{159CECE3-508F-4127-9D4A-ACB42B392DA4} = {E6D1E731-F18C-46B4-B08B-0672F0642295}
		{B40C1E55-6D91-4DE8-B06F-70DBF20B3837} = {E6D1E731-F18C-46B4-B08B-0672F0642295}
		{EB6206F4-6B32-4D7E-A97A-979A2FD84F63} = {E3A85C9D-0AA6-456E-A8CF-7EB4773F33A2}
		{75CF2059-FE56-4219-8365-E83603245D5A} = {197B7656-8BFE-49AA-AA1E-C511B75B26B6}
		{DF6CC39E-A6BC-4CA1-855A-79F6F3D3045C} = {197B7656-8BFE-49AA-AA1E-C511B75B26B6}
		{DAEE0382-4C98-4B0D-82A4-FC817D294164} = {65AFCFE2-59A9-4704-A9BE-A5B83F944E88}
		{58279D9D-1A78-45CD-868D-D9C15DA44A78} = {197B7656-8BFE-49AA-AA1E-C511B75B26B6}
		{C4A263C2-A021-4072-AA91-803E7F6758CD} = {197B7656-8BFE-49AA-AA1E-C511B75B26B6}
		{EC2B954F-ADB9-4A1A-8C31-63E6954825A5} = {3E4998D6-8F35-4340-9F9E-AA686E6E72D3}
		{011611CC-65FD-45BD-B554-53D05DBDAA5C} = {E6D1E731-F18C-46B4-B08B-0672F0642295}
		{DD5ECD17-FD19-48D0-A02D-1C77ECA56FB7} = {65AFCFE2-59A9-4704-A9BE-A5B83F944E88}
		{AEA0BB1C-C188-4CD2-9D56-D0F2759BD0A3} = {DD5ECD17-FD19-48D0-A02D-1C77ECA56FB7}
		{FDF888EA-C911-46BF-BD67-27DD566E1555} = {30216632-B019-4908-9E7A-A119E4B6B0CE}
		{D482363A-E1ED-4F2B-A739-CDADCEBABBF7} = {FDF888EA-C911-46BF-BD67-27DD566E1555}
		{F945C696-8E30-4435-98EA-1F53AFB84939} = {3E4998D6-8F35-4340-9F9E-AA686E6E72D3}
		{044BF196-C30A-4582-ACED-E548C67F7827} = {A4A52E96-6D09-4234-BD3F-FF1EEFBBAEC2}
		{89744B4F-C6C4-4870-A96D-795859DBDF7D} = {044BF196-C30A-4582-ACED-E548C67F7827}
		{B50E1AC8-8E2A-4BD1-91A7-0761BD29A9E7} = {65AFCFE2-59A9-4704-A9BE-A5B83F944E88}
		{BF08506D-0E2D-4127-9AF5-181528FD52A6} = {044BF196-C30A-4582-ACED-E548C67F7827}
		{B11C9B95-2221-409C-B017-57C6396A1EA0} = {B50E1AC8-8E2A-4BD1-91A7-0761BD29A9E7}
		{43A85ECD-6AE1-4F55-A0E5-869A429AE736} = {5CFBCD84-655E-4724-A0FF-03C2390C471E}
		{595E0148-4C99-464F-89BC-3F61B23B1D86} = {43A85ECD-6AE1-4F55-A0E5-869A429AE736}
		{6EA6C93B-6DBA-4744-A727-1A85A0D816FC} = {65AFCFE2-59A9-4704-A9BE-A5B83F944E88}
		{4368A973-A517-4700-BE5E-0AE7E1147BF5} = {65AFCFE2-59A9-4704-A9BE-A5B83F944E88}
		{6DF403AD-352C-4158-9E87-8F94E4C27F93} = {4368A973-A517-4700-BE5E-0AE7E1147BF5}
		{017833B0-2F19-4E36-A806-0AE69BD22DD1} = {66411A08-ED31-424B-AED1-8D3E8558DD93}
		{DE3D6E75-822C-4863-9675-23768F5579DD} = {5CFBCD84-655E-4724-A0FF-03C2390C471E}
		{A9066C49-F811-4B10-8FBB-5EA6CE77A961} = {681521C1-B263-42B3-B430-FD11D331BD7A}
		{07A757F7-86E1-42E9-8991-6D5F74E45705} = {681521C1-B263-42B3-B430-FD11D331BD7A}
		{681521C1-B263-42B3-B430-FD11D331BD7A} = {8A2DE03A-A728-48D2-8E33-AD2A5D53220F}
		{5AE563D0-82A4-4957-9F75-AFDFBA9648D4} = {8A2DE03A-A728-48D2-8E33-AD2A5D53220F}
		{366A9FAC-B61E-44E3-B566-63F1D8E585BF} = {5AE563D0-82A4-4957-9F75-AFDFBA9648D4}
		{944A05EB-EF3A-4D14-8E0A-97C2A69DDCCB} = {5AE563D0-82A4-4957-9F75-AFDFBA9648D4}
		{31637F87-FF68-4578-9C0E-03BF6AC194DA} = {8A2DE03A-A728-48D2-8E33-AD2A5D53220F}
		{0B13D993-AA9D-4DB7-B91F-4AF91BC950F1} = {31637F87-FF68-4578-9C0E-03BF6AC194DA}
		{BED43A07-C59C-4D4D-94EB-BCAE5E2949E5} = {31637F87-FF68-4578-9C0E-03BF6AC194DA}
		{D7E2EFA6-3EED-440A-8DE6-8DBC9BB86EF0} = {65AFCFE2-59A9-4704-A9BE-A5B83F944E88}
		{D253A72D-C003-44EA-89E8-A18B8DBD1435} = {D7E2EFA6-3EED-440A-8DE6-8DBC9BB86EF0}
		{AAFF87D6-3227-44FE-95CC-A74A4EFF9C9D} = {D7E2EFA6-3EED-440A-8DE6-8DBC9BB86EF0}
		{42204749-CC2D-4B05-9BF5-098A01FDB337} = {E3A85C9D-0AA6-456E-A8CF-7EB4773F33A2}
	EndGlobalSection
	GlobalSection(ExtensibilityGlobals) = postSolution
		SolutionGuid = {C4669C79-A743-449E-B15F-4FA048B8482F}
	EndGlobalSection
EndGlobal
