
Microsoft Visual Studio Solution File, Format Version 12.00
# Visual Studio Version 17
VisualStudioVersion = 17.1.32210.238
MinimumVisualStudioVersion = 10.0.40219.1
Project("{9A19103F-16F7-4668-BE54-9A1E7A4F7556}") = "EasySoft.UtilityTools", "infrastructure\EasySoft.UtilityTools\EasySoft.UtilityTools.csproj", "{366A9FAC-B61E-44E3-B566-63F1D8E585BF}"
EndProject
Project("{9A19103F-16F7-4668-BE54-9A1E7A4F7556}") = "EasySoft.IdGenerator", "infrastructure\EasySoft.IdGenerator\EasySoft.IdGenerator.csproj", "{12413755-B52D-4D6A-B1FB-3641C762F884}"
EndProject
Project("{9A19103F-16F7-4668-BE54-9A1E7A4F7556}") = "EasySoft.IntegrationConfig", "infrastructure\EasySoft.IntegrationConfig\EasySoft.IntegrationConfig.csproj", "{D7FA5548-C432-438A-A2FB-8ADA588A7E0A}"
EndProject
Project("{9A19103F-16F7-4668-BE54-9A1E7A4F7556}") = "EasySoft.NPOIEx", "infrastructure\EasySoft.NPOIEx\EasySoft.NPOIEx.csproj", "{6E54B5A8-96B5-4739-AC78-57D1BD0F312F}"
EndProject
Project("{9A19103F-16F7-4668-BE54-9A1E7A4F7556}") = "EasySoft.SenparcEx", "infrastructure\EasySoft.SenparcEx\EasySoft.SenparcEx.csproj", "{013FCC47-0160-4B97-8256-B8B1BD2A130C}"
EndProject
Project("{9A19103F-16F7-4668-BE54-9A1E7A4F7556}") = "EasySoft.Core.Mvc.Framework", "infrastructure\EasySoft.Core.Mvc.Framework\EasySoft.Core.Mvc.Framework.csproj", "{CBE1BB6A-5020-4BCD-B962-2F97E0B6EE52}"
EndProject
Project("{2150E333-8FDC-42A3-9474-1A3956D46DE8}") = "infrastructure", "infrastructure", "{65AFCFE2-59A9-4704-A9BE-A5B83F944E88}"
EndProject
Project("{2150E333-8FDC-42A3-9474-1A3956D46DE8}") = "unit-test", "unit-test", "{8D7FB3F6-1038-4974-A787-044646C716C1}"
EndProject
Project("{2150E333-8FDC-42A3-9474-1A3956D46DE8}") = "test", "test", "{3A5000A7-B37E-4A5D-8668-82E7E2681993}"
EndProject
Project("{9A19103F-16F7-4668-BE54-9A1E7A4F7556}") = "EasySoft.UtilityToolsTest", "unit-test\EasySoft.UtilityToolsTest\EasySoft.UtilityToolsTest.csproj", "{FBEC59EB-4317-4334-92A8-9641B2BEC619}"
EndProject
Project("{FAE04EC0-301F-11D3-BF4B-00C04F79EFBC}") = "AppTest3", "test\AppTest3\AppTest3.csproj", "{69561AB8-26E1-4CC7-8D45-1D0C34BC213F}"
EndProject
Project("{FAE04EC0-301F-11D3-BF4B-00C04F79EFBC}") = "AutoFacTest", "test\AutoFacTest\AutoFacTest.csproj", "{803E21EC-05F8-4FF4-AF1E-BD7F5DA830B7}"
EndProject
Project("{FAE04EC0-301F-11D3-BF4B-00C04F79EFBC}") = "EntityFrameworkTest", "test\EntityFrameworkTest\EntityFrameworkTest.csproj", "{8B03ED94-A173-4F2B-8BFF-7A93608B01F5}"
EndProject
Project("{FAE04EC0-301F-11D3-BF4B-00C04F79EFBC}") = "FrameworkTestApp", "test\FrameworkTestApp\FrameworkTestApp.csproj", "{B40C1E55-6D91-4DE8-B06F-70DBF20B3837}"
EndProject
Project("{FAE04EC0-301F-11D3-BF4B-00C04F79EFBC}") = "WebApplicationTest", "test\WebApplicationTest\WebApplicationTest.csproj", "{1690D828-90C4-43A3-9C0D-A3047558B51B}"
EndProject
Project("{FAE04EC0-301F-11D3-BF4B-00C04F79EFBC}") = "EasySoft.Core.Config", "infrastructure\EasySoft.Core.Config\EasySoft.Core.Config.csproj", "{3BA2690C-5395-4B9C-83A3-E6CA11FBFCE5}"
EndProject
Project("{FAE04EC0-301F-11D3-BF4B-00C04F79EFBC}") = "EasySoft.Core.Web.Framework", "infrastructure\EasySoft.Core.Web.Framework\EasySoft.Core.Web.Framework.csproj", "{E7040D87-0900-424F-987E-8150135362E9}"
EndProject
Project("{FAE04EC0-301F-11D3-BF4B-00C04F79EFBC}") = "EasySoft.Core.GeneralLogTransmitter", "infrastructure\EasySoft.Core.GeneralLogTransmitter\EasySoft.Core.GeneralLogTransmitter.csproj", "{5D383514-6D98-4638-8D9B-99C98ED46E24}"
EndProject
Project("{FAE04EC0-301F-11D3-BF4B-00C04F79EFBC}") = "EasySoft.Core.ExchangeRegulation", "infrastructure\EasySoft.Core.ExchangeRegulation\EasySoft.Core.ExchangeRegulation.csproj", "{89744B4F-C6C4-4870-A96D-795859DBDF7D}"
EndProject
Project("{FAE04EC0-301F-11D3-BF4B-00C04F79EFBC}") = "EasySoft.Core.RabbitMQ", "infrastructure\EasySoft.Core.RabbitMQ\EasySoft.Core.RabbitMQ.csproj", "{A02A6E33-F1F5-43A8-ACA8-F04F3D3952E5}"
EndProject
Global
	GlobalSection(SolutionConfigurationPlatforms) = preSolution
		Debug|Any CPU = Debug|Any CPU
		Release|Any CPU = Release|Any CPU
	EndGlobalSection
	GlobalSection(ProjectConfigurationPlatforms) = postSolution
		{366A9FAC-B61E-44E3-B566-63F1D8E585BF}.Debug|Any CPU.ActiveCfg = Debug|Any CPU
		{366A9FAC-B61E-44E3-B566-63F1D8E585BF}.Debug|Any CPU.Build.0 = Debug|Any CPU
		{366A9FAC-B61E-44E3-B566-63F1D8E585BF}.Release|Any CPU.ActiveCfg = Release|Any CPU
		{366A9FAC-B61E-44E3-B566-63F1D8E585BF}.Release|Any CPU.Build.0 = Release|Any CPU
		{12413755-B52D-4D6A-B1FB-3641C762F884}.Debug|Any CPU.ActiveCfg = Debug|Any CPU
		{12413755-B52D-4D6A-B1FB-3641C762F884}.Debug|Any CPU.Build.0 = Debug|Any CPU
		{12413755-B52D-4D6A-B1FB-3641C762F884}.Release|Any CPU.ActiveCfg = Release|Any CPU
		{12413755-B52D-4D6A-B1FB-3641C762F884}.Release|Any CPU.Build.0 = Release|Any CPU
		{D7FA5548-C432-438A-A2FB-8ADA588A7E0A}.Debug|Any CPU.ActiveCfg = Debug|Any CPU
		{D7FA5548-C432-438A-A2FB-8ADA588A7E0A}.Debug|Any CPU.Build.0 = Debug|Any CPU
		{D7FA5548-C432-438A-A2FB-8ADA588A7E0A}.Release|Any CPU.ActiveCfg = Release|Any CPU
		{D7FA5548-C432-438A-A2FB-8ADA588A7E0A}.Release|Any CPU.Build.0 = Release|Any CPU
		{6E54B5A8-96B5-4739-AC78-57D1BD0F312F}.Debug|Any CPU.ActiveCfg = Debug|Any CPU
		{6E54B5A8-96B5-4739-AC78-57D1BD0F312F}.Debug|Any CPU.Build.0 = Debug|Any CPU
		{6E54B5A8-96B5-4739-AC78-57D1BD0F312F}.Release|Any CPU.ActiveCfg = Release|Any CPU
		{6E54B5A8-96B5-4739-AC78-57D1BD0F312F}.Release|Any CPU.Build.0 = Release|Any CPU
		{013FCC47-0160-4B97-8256-B8B1BD2A130C}.Debug|Any CPU.ActiveCfg = Debug|Any CPU
		{013FCC47-0160-4B97-8256-B8B1BD2A130C}.Debug|Any CPU.Build.0 = Debug|Any CPU
		{013FCC47-0160-4B97-8256-B8B1BD2A130C}.Release|Any CPU.ActiveCfg = Release|Any CPU
		{013FCC47-0160-4B97-8256-B8B1BD2A130C}.Release|Any CPU.Build.0 = Release|Any CPU
		{CBE1BB6A-5020-4BCD-B962-2F97E0B6EE52}.Debug|Any CPU.ActiveCfg = Debug|Any CPU
		{CBE1BB6A-5020-4BCD-B962-2F97E0B6EE52}.Debug|Any CPU.Build.0 = Debug|Any CPU
		{CBE1BB6A-5020-4BCD-B962-2F97E0B6EE52}.Release|Any CPU.ActiveCfg = Release|Any CPU
		{CBE1BB6A-5020-4BCD-B962-2F97E0B6EE52}.Release|Any CPU.Build.0 = Release|Any CPU
		{FBEC59EB-4317-4334-92A8-9641B2BEC619}.Debug|Any CPU.ActiveCfg = Debug|Any CPU
		{FBEC59EB-4317-4334-92A8-9641B2BEC619}.Debug|Any CPU.Build.0 = Debug|Any CPU
		{FBEC59EB-4317-4334-92A8-9641B2BEC619}.Release|Any CPU.ActiveCfg = Release|Any CPU
		{FBEC59EB-4317-4334-92A8-9641B2BEC619}.Release|Any CPU.Build.0 = Release|Any CPU
		{69561AB8-26E1-4CC7-8D45-1D0C34BC213F}.Debug|Any CPU.ActiveCfg = Debug|Any CPU
		{69561AB8-26E1-4CC7-8D45-1D0C34BC213F}.Debug|Any CPU.Build.0 = Debug|Any CPU
		{69561AB8-26E1-4CC7-8D45-1D0C34BC213F}.Release|Any CPU.ActiveCfg = Release|Any CPU
		{69561AB8-26E1-4CC7-8D45-1D0C34BC213F}.Release|Any CPU.Build.0 = Release|Any CPU
		{803E21EC-05F8-4FF4-AF1E-BD7F5DA830B7}.Debug|Any CPU.ActiveCfg = Debug|Any CPU
		{803E21EC-05F8-4FF4-AF1E-BD7F5DA830B7}.Debug|Any CPU.Build.0 = Debug|Any CPU
		{803E21EC-05F8-4FF4-AF1E-BD7F5DA830B7}.Release|Any CPU.ActiveCfg = Release|Any CPU
		{803E21EC-05F8-4FF4-AF1E-BD7F5DA830B7}.Release|Any CPU.Build.0 = Release|Any CPU
		{8B03ED94-A173-4F2B-8BFF-7A93608B01F5}.Debug|Any CPU.ActiveCfg = Debug|Any CPU
		{8B03ED94-A173-4F2B-8BFF-7A93608B01F5}.Debug|Any CPU.Build.0 = Debug|Any CPU
		{8B03ED94-A173-4F2B-8BFF-7A93608B01F5}.Release|Any CPU.ActiveCfg = Release|Any CPU
		{8B03ED94-A173-4F2B-8BFF-7A93608B01F5}.Release|Any CPU.Build.0 = Release|Any CPU
		{B40C1E55-6D91-4DE8-B06F-70DBF20B3837}.Debug|Any CPU.ActiveCfg = Debug|Any CPU
		{B40C1E55-6D91-4DE8-B06F-70DBF20B3837}.Debug|Any CPU.Build.0 = Debug|Any CPU
		{B40C1E55-6D91-4DE8-B06F-70DBF20B3837}.Release|Any CPU.ActiveCfg = Release|Any CPU
		{B40C1E55-6D91-4DE8-B06F-70DBF20B3837}.Release|Any CPU.Build.0 = Release|Any CPU
		{1690D828-90C4-43A3-9C0D-A3047558B51B}.Debug|Any CPU.ActiveCfg = Debug|Any CPU
		{1690D828-90C4-43A3-9C0D-A3047558B51B}.Debug|Any CPU.Build.0 = Debug|Any CPU
		{1690D828-90C4-43A3-9C0D-A3047558B51B}.Release|Any CPU.ActiveCfg = Release|Any CPU
		{1690D828-90C4-43A3-9C0D-A3047558B51B}.Release|Any CPU.Build.0 = Release|Any CPU
		{3BA2690C-5395-4B9C-83A3-E6CA11FBFCE5}.Debug|Any CPU.ActiveCfg = Debug|Any CPU
		{3BA2690C-5395-4B9C-83A3-E6CA11FBFCE5}.Debug|Any CPU.Build.0 = Debug|Any CPU
		{3BA2690C-5395-4B9C-83A3-E6CA11FBFCE5}.Release|Any CPU.ActiveCfg = Release|Any CPU
		{3BA2690C-5395-4B9C-83A3-E6CA11FBFCE5}.Release|Any CPU.Build.0 = Release|Any CPU
		{E7040D87-0900-424F-987E-8150135362E9}.Debug|Any CPU.ActiveCfg = Debug|Any CPU
		{E7040D87-0900-424F-987E-8150135362E9}.Debug|Any CPU.Build.0 = Debug|Any CPU
		{E7040D87-0900-424F-987E-8150135362E9}.Release|Any CPU.ActiveCfg = Release|Any CPU
		{E7040D87-0900-424F-987E-8150135362E9}.Release|Any CPU.Build.0 = Release|Any CPU
		{5D383514-6D98-4638-8D9B-99C98ED46E24}.Debug|Any CPU.ActiveCfg = Debug|Any CPU
		{5D383514-6D98-4638-8D9B-99C98ED46E24}.Debug|Any CPU.Build.0 = Debug|Any CPU
		{5D383514-6D98-4638-8D9B-99C98ED46E24}.Release|Any CPU.ActiveCfg = Release|Any CPU
		{5D383514-6D98-4638-8D9B-99C98ED46E24}.Release|Any CPU.Build.0 = Release|Any CPU
		{89744B4F-C6C4-4870-A96D-795859DBDF7D}.Debug|Any CPU.ActiveCfg = Debug|Any CPU
		{89744B4F-C6C4-4870-A96D-795859DBDF7D}.Debug|Any CPU.Build.0 = Debug|Any CPU
		{89744B4F-C6C4-4870-A96D-795859DBDF7D}.Release|Any CPU.ActiveCfg = Release|Any CPU
		{89744B4F-C6C4-4870-A96D-795859DBDF7D}.Release|Any CPU.Build.0 = Release|Any CPU
		{A02A6E33-F1F5-43A8-ACA8-F04F3D3952E5}.Debug|Any CPU.ActiveCfg = Debug|Any CPU
		{A02A6E33-F1F5-43A8-ACA8-F04F3D3952E5}.Debug|Any CPU.Build.0 = Debug|Any CPU
		{A02A6E33-F1F5-43A8-ACA8-F04F3D3952E5}.Release|Any CPU.ActiveCfg = Release|Any CPU
		{A02A6E33-F1F5-43A8-ACA8-F04F3D3952E5}.Release|Any CPU.Build.0 = Release|Any CPU
	EndGlobalSection
	GlobalSection(SolutionProperties) = preSolution
		HideSolutionNode = FALSE
	EndGlobalSection
	GlobalSection(NestedProjects) = preSolution
		{366A9FAC-B61E-44E3-B566-63F1D8E585BF} = {65AFCFE2-59A9-4704-A9BE-A5B83F944E88}
		{12413755-B52D-4D6A-B1FB-3641C762F884} = {65AFCFE2-59A9-4704-A9BE-A5B83F944E88}
		{D7FA5548-C432-438A-A2FB-8ADA588A7E0A} = {65AFCFE2-59A9-4704-A9BE-A5B83F944E88}
		{6E54B5A8-96B5-4739-AC78-57D1BD0F312F} = {65AFCFE2-59A9-4704-A9BE-A5B83F944E88}
		{013FCC47-0160-4B97-8256-B8B1BD2A130C} = {65AFCFE2-59A9-4704-A9BE-A5B83F944E88}
		{CBE1BB6A-5020-4BCD-B962-2F97E0B6EE52} = {65AFCFE2-59A9-4704-A9BE-A5B83F944E88}
		{FBEC59EB-4317-4334-92A8-9641B2BEC619} = {8D7FB3F6-1038-4974-A787-044646C716C1}
		{69561AB8-26E1-4CC7-8D45-1D0C34BC213F} = {3A5000A7-B37E-4A5D-8668-82E7E2681993}
		{803E21EC-05F8-4FF4-AF1E-BD7F5DA830B7} = {3A5000A7-B37E-4A5D-8668-82E7E2681993}
		{8B03ED94-A173-4F2B-8BFF-7A93608B01F5} = {3A5000A7-B37E-4A5D-8668-82E7E2681993}
		{B40C1E55-6D91-4DE8-B06F-70DBF20B3837} = {3A5000A7-B37E-4A5D-8668-82E7E2681993}
		{1690D828-90C4-43A3-9C0D-A3047558B51B} = {3A5000A7-B37E-4A5D-8668-82E7E2681993}
		{3BA2690C-5395-4B9C-83A3-E6CA11FBFCE5} = {65AFCFE2-59A9-4704-A9BE-A5B83F944E88}
		{E7040D87-0900-424F-987E-8150135362E9} = {65AFCFE2-59A9-4704-A9BE-A5B83F944E88}
		{5D383514-6D98-4638-8D9B-99C98ED46E24} = {65AFCFE2-59A9-4704-A9BE-A5B83F944E88}
		{89744B4F-C6C4-4870-A96D-795859DBDF7D} = {65AFCFE2-59A9-4704-A9BE-A5B83F944E88}
		{A02A6E33-F1F5-43A8-ACA8-F04F3D3952E5} = {65AFCFE2-59A9-4704-A9BE-A5B83F944E88}
	EndGlobalSection
	GlobalSection(ExtensibilityGlobals) = postSolution
		SolutionGuid = {C4669C79-A743-449E-B15F-4FA048B8482F}
	EndGlobalSection
EndGlobal
